
Microsoft Visual Studio Solution File, Format Version 12.00
# Visual Studio Version 17
VisualStudioVersion = 17.0.31903.59
MinimumVisualStudioVersion = 10.0.40219.1
Project("{2150E333-8FDC-42A3-9474-1A3956D46DE8}") = "src", "src", "{827E0CD3-B72D-47B6-A68D-7590B98EB39B}"
EndProject
Project("{2150E333-8FDC-42A3-9474-1A3956D46DE8}") = "samples", "samples", "{5D20AA90-6969-D8BD-9DCD-8634F4692FDA}"
EndProject
Project("{2150E333-8FDC-42A3-9474-1A3956D46DE8}") = "tests", "tests", "{0AB3BF05-4346-4AA6-1389-037BE0695223}"
EndProject
Project("{FAE04EC0-301F-11D3-BF4B-00C04F79EFBC}") = "D400.DotErd.Core", "src\D400.DotErd.Core\D400.DotErd.Core.csproj", "{DC1863D4-2E8B-4DF4-9D2E-77CD636958A8}"
EndProject
Project("{FAE04EC0-301F-11D3-BF4B-00C04F79EFBC}") = "D400.DotErd.Application", "src\D400.DotErd.Application\D400.DotErd.Application.csproj", "{BE1E85EE-0060-4C59-A0C2-C73537D655EB}"
EndProject
Project("{FAE04EC0-301F-11D3-BF4B-00C04F79EFBC}") = "D400.DotErd.EfCore", "src\D400.DotErd.EfCore\D400.DotErd.EfCore.csproj", "{458C3B53-F057-465F-888A-3112237A6970}"
EndProject
Project("{FAE04EC0-301F-11D3-BF4B-00C04F79EFBC}") = "D400.DotErd.Drawio", "src\D400.DotErd.Drawio\D400.DotErd.Drawio.csproj", "{A116338C-9C3A-4FF2-AA33-89EC69A3E4E5}"
EndProject
Project("{FAE04EC0-301F-11D3-BF4B-00C04F79EFBC}") = "D400.DotErd.Diff", "src\D400.DotErd.Diff\D400.DotErd.Diff.csproj", "{DD141E42-52BE-48C8-B8A7-36E835E9334E}"
EndProject
Project("{FAE04EC0-301F-11D3-BF4B-00C04F79EFBC}") = "D400.DotErd.Cli", "src\D400.DotErd.Cli\D400.DotErd.Cli.csproj", "{B9B44A2E-CC1B-42A6-BA25-EFF6B4C37CBD}"
EndProject
Project("{FAE04EC0-301F-11D3-BF4B-00C04F79EFBC}") = "D400.DotErd.Samples.SimpleShop", "samples\D400.DotErd.Samples.SimpleShop\D400.DotErd.Samples.SimpleShop.csproj", "{04C2CE4C-A6EB-438A-9024-B38DB9EBF593}"
EndProject
Project("{FAE04EC0-301F-11D3-BF4B-00C04F79EFBC}") = "D400.DotErd.Core.Tests", "tests\D400.DotErd.Core.Tests\D400.DotErd.Core.Tests.csproj", "{6C33D714-7F5F-4BA6-BDF8-CA8A778F8EB4}"
EndProject
Project("{FAE04EC0-301F-11D3-BF4B-00C04F79EFBC}") = "D400.DotErd.Cli.Tests", "tests\D400.DotErd.Cli.Tests\D400.DotErd.Cli.Tests.csproj", "{42D10C7C-5FD7-4697-A5A7-E2F879A920CD}"
EndProject
Project("{FAE04EC0-301F-11D3-BF4B-00C04F79EFBC}") = "D400.DotErd.EfCore.Tests", "tests\D400.DotErd.EfCore.Tests\D400.DotErd.EfCore.Tests.csproj", "{85B310CB-7CEF-4465-A5C6-107644C3F51D}"
EndProject
Project("{FAE04EC0-301F-11D3-BF4B-00C04F79EFBC}") = "D400.DotErd.Drawio.Tests", "tests\D400.DotErd.Drawio.Tests\D400.DotErd.Drawio.Tests.csproj", "{A8AA69BA-5287-4133-8EE7-B4C1847E1ED6}"
EndProject
Project("{FAE04EC0-301F-11D3-BF4B-00C04F79EFBC}") = "D400.DotErd.Diff.Tests", "tests\D400.DotErd.Diff.Tests\D400.DotErd.Diff.Tests.csproj", "{E1AC4E54-C9C7-48DC-A02E-58D5D9B71E76}"
EndProject
Project("{FAE04EC0-301F-11D3-BF4B-00C04F79EFBC}") = "D400.DotErd.Samples.SimpleShop.Api", "samples\D400.DotErd.Samples.SimpleShop.Api\D400.DotErd.Samples.SimpleShop.Api.csproj", "{661F446E-8DBC-40A0-94E8-FACA471E926E}"
EndProject
Project("{FAE04EC0-301F-11D3-BF4B-00C04F79EFBC}") = "D400.DotErd.Contracts", "src\D400.DotErd.Contracts\D400.DotErd.Contracts.csproj", "{66FF9A9F-B4CF-4200-9C93-021F0507EEF6}"
EndProject
Project("{FAE04EC0-301F-11D3-BF4B-00C04F79EFBC}") = "D400.DotErd.Ef9.Worker", "src\D400.DotErd.Ef9.Worker\D400.DotErd.Ef9.Worker.csproj", "{DDC784FA-EAD1-4DBA-85F9-BB2E5BF102B7}"
EndProject
Project("{FAE04EC0-301F-11D3-BF4B-00C04F79EFBC}") = "D400.DotErd.Ef10.Worker", "src\D400.DotErd.Ef10.Worker\D400.DotErd.Ef10.Worker.csproj", "{BAEE5498-65FC-477D-AE92-32F7259AF620}"
EndProject
Project("{FAE04EC0-301F-11D3-BF4B-00C04F79EFBC}") = "D400.DotErd.Samples.SimpleShop.Ef9", "samples\D400.DotErd.Samples.SimpleShop.Ef9\D400.DotErd.Samples.SimpleShop.Ef9.csproj", "{D7266ACF-929E-40E7-9B27-051DFBCE2762}"
EndProject
Project("{FAE04EC0-301F-11D3-BF4B-00C04F79EFBC}") = "D400.DotErd.Samples.SimpleShop.Ef9.Api", "samples\D400.DotErd.Samples.SimpleShop.Ef9.Api\D400.DotErd.Samples.SimpleShop.Ef9.Api.csproj", "{1A77DDF5-F80F-4851-A494-A2D1B1F8027B}"
EndProject
Global
	GlobalSection(SolutionConfigurationPlatforms) = preSolution
		Debug|Any CPU = Debug|Any CPU
		Debug|x64 = Debug|x64
		Debug|x86 = Debug|x86
		Release|Any CPU = Release|Any CPU
		Release|x64 = Release|x64
		Release|x86 = Release|x86
	EndGlobalSection
	GlobalSection(ProjectConfigurationPlatforms) = postSolution
		{DC1863D4-2E8B-4DF4-9D2E-77CD636958A8}.Debug|Any CPU.ActiveCfg = Debug|Any CPU
		{DC1863D4-2E8B-4DF4-9D2E-77CD636958A8}.Debug|Any CPU.Build.0 = Debug|Any CPU
		{DC1863D4-2E8B-4DF4-9D2E-77CD636958A8}.Debug|x64.ActiveCfg = Debug|Any CPU
		{DC1863D4-2E8B-4DF4-9D2E-77CD636958A8}.Debug|x64.Build.0 = Debug|Any CPU
		{DC1863D4-2E8B-4DF4-9D2E-77CD636958A8}.Debug|x86.ActiveCfg = Debug|Any CPU
		{DC1863D4-2E8B-4DF4-9D2E-77CD636958A8}.Debug|x86.Build.0 = Debug|Any CPU
		{DC1863D4-2E8B-4DF4-9D2E-77CD636958A8}.Release|Any CPU.ActiveCfg = Release|Any CPU
		{DC1863D4-2E8B-4DF4-9D2E-77CD636958A8}.Release|Any CPU.Build.0 = Release|Any CPU
		{DC1863D4-2E8B-4DF4-9D2E-77CD636958A8}.Release|x64.ActiveCfg = Release|Any CPU
		{DC1863D4-2E8B-4DF4-9D2E-77CD636958A8}.Release|x64.Build.0 = Release|Any CPU
		{DC1863D4-2E8B-4DF4-9D2E-77CD636958A8}.Release|x86.ActiveCfg = Release|Any CPU
		{DC1863D4-2E8B-4DF4-9D2E-77CD636958A8}.Release|x86.Build.0 = Release|Any CPU
		{BE1E85EE-0060-4C59-A0C2-C73537D655EB}.Debug|Any CPU.ActiveCfg = Debug|Any CPU
		{BE1E85EE-0060-4C59-A0C2-C73537D655EB}.Debug|Any CPU.Build.0 = Debug|Any CPU
		{BE1E85EE-0060-4C59-A0C2-C73537D655EB}.Debug|x64.ActiveCfg = Debug|Any CPU
		{BE1E85EE-0060-4C59-A0C2-C73537D655EB}.Debug|x64.Build.0 = Debug|Any CPU
		{BE1E85EE-0060-4C59-A0C2-C73537D655EB}.Debug|x86.ActiveCfg = Debug|Any CPU
		{BE1E85EE-0060-4C59-A0C2-C73537D655EB}.Debug|x86.Build.0 = Debug|Any CPU
		{BE1E85EE-0060-4C59-A0C2-C73537D655EB}.Release|Any CPU.ActiveCfg = Release|Any CPU
		{BE1E85EE-0060-4C59-A0C2-C73537D655EB}.Release|Any CPU.Build.0 = Release|Any CPU
		{BE1E85EE-0060-4C59-A0C2-C73537D655EB}.Release|x64.ActiveCfg = Release|Any CPU
		{BE1E85EE-0060-4C59-A0C2-C73537D655EB}.Release|x64.Build.0 = Release|Any CPU
		{BE1E85EE-0060-4C59-A0C2-C73537D655EB}.Release|x86.ActiveCfg = Release|Any CPU
		{BE1E85EE-0060-4C59-A0C2-C73537D655EB}.Release|x86.Build.0 = Release|Any CPU
		{458C3B53-F057-465F-888A-3112237A6970}.Debug|Any CPU.ActiveCfg = Debug|Any CPU
		{458C3B53-F057-465F-888A-3112237A6970}.Debug|Any CPU.Build.0 = Debug|Any CPU
		{458C3B53-F057-465F-888A-3112237A6970}.Debug|x64.ActiveCfg = Debug|Any CPU
		{458C3B53-F057-465F-888A-3112237A6970}.Debug|x64.Build.0 = Debug|Any CPU
		{458C3B53-F057-465F-888A-3112237A6970}.Debug|x86.ActiveCfg = Debug|Any CPU
		{458C3B53-F057-465F-888A-3112237A6970}.Debug|x86.Build.0 = Debug|Any CPU
		{458C3B53-F057-465F-888A-3112237A6970}.Release|Any CPU.ActiveCfg = Release|Any CPU
		{458C3B53-F057-465F-888A-3112237A6970}.Release|Any CPU.Build.0 = Release|Any CPU
		{458C3B53-F057-465F-888A-3112237A6970}.Release|x64.ActiveCfg = Release|Any CPU
		{458C3B53-F057-465F-888A-3112237A6970}.Release|x64.Build.0 = Release|Any CPU
		{458C3B53-F057-465F-888A-3112237A6970}.Release|x86.ActiveCfg = Release|Any CPU
		{458C3B53-F057-465F-888A-3112237A6970}.Release|x86.Build.0 = Release|Any CPU
		{A116338C-9C3A-4FF2-AA33-89EC69A3E4E5}.Debug|Any CPU.ActiveCfg = Debug|Any CPU
		{A116338C-9C3A-4FF2-AA33-89EC69A3E4E5}.Debug|Any CPU.Build.0 = Debug|Any CPU
		{A116338C-9C3A-4FF2-AA33-89EC69A3E4E5}.Debug|x64.ActiveCfg = Debug|Any CPU
		{A116338C-9C3A-4FF2-AA33-89EC69A3E4E5}.Debug|x64.Build.0 = Debug|Any CPU
		{A116338C-9C3A-4FF2-AA33-89EC69A3E4E5}.Debug|x86.ActiveCfg = Debug|Any CPU
		{A116338C-9C3A-4FF2-AA33-89EC69A3E4E5}.Debug|x86.Build.0 = Debug|Any CPU
		{A116338C-9C3A-4FF2-AA33-89EC69A3E4E5}.Release|Any CPU.ActiveCfg = Release|Any CPU
		{A116338C-9C3A-4FF2-AA33-89EC69A3E4E5}.Release|Any CPU.Build.0 = Release|Any CPU
		{A116338C-9C3A-4FF2-AA33-89EC69A3E4E5}.Release|x64.ActiveCfg = Release|Any CPU
		{A116338C-9C3A-4FF2-AA33-89EC69A3E4E5}.Release|x64.Build.0 = Release|Any CPU
		{A116338C-9C3A-4FF2-AA33-89EC69A3E4E5}.Release|x86.ActiveCfg = Release|Any CPU
		{A116338C-9C3A-4FF2-AA33-89EC69A3E4E5}.Release|x86.Build.0 = Release|Any CPU
		{DD141E42-52BE-48C8-B8A7-36E835E9334E}.Debug|Any CPU.ActiveCfg = Debug|Any CPU
		{DD141E42-52BE-48C8-B8A7-36E835E9334E}.Debug|Any CPU.Build.0 = Debug|Any CPU
		{DD141E42-52BE-48C8-B8A7-36E835E9334E}.Debug|x64.ActiveCfg = Debug|Any CPU
		{DD141E42-52BE-48C8-B8A7-36E835E9334E}.Debug|x64.Build.0 = Debug|Any CPU
		{DD141E42-52BE-48C8-B8A7-36E835E9334E}.Debug|x86.ActiveCfg = Debug|Any CPU
		{DD141E42-52BE-48C8-B8A7-36E835E9334E}.Debug|x86.Build.0 = Debug|Any CPU
		{DD141E42-52BE-48C8-B8A7-36E835E9334E}.Release|Any CPU.ActiveCfg = Release|Any CPU
		{DD141E42-52BE-48C8-B8A7-36E835E9334E}.Release|Any CPU.Build.0 = Release|Any CPU
		{DD141E42-52BE-48C8-B8A7-36E835E9334E}.Release|x64.ActiveCfg = Release|Any CPU
		{DD141E42-52BE-48C8-B8A7-36E835E9334E}.Release|x64.Build.0 = Release|Any CPU
		{DD141E42-52BE-48C8-B8A7-36E835E9334E}.Release|x86.ActiveCfg = Release|Any CPU
		{DD141E42-52BE-48C8-B8A7-36E835E9334E}.Release|x86.Build.0 = Release|Any CPU
		{B9B44A2E-CC1B-42A6-BA25-EFF6B4C37CBD}.Debug|Any CPU.ActiveCfg = Debug|Any CPU
		{B9B44A2E-CC1B-42A6-BA25-EFF6B4C37CBD}.Debug|Any CPU.Build.0 = Debug|Any CPU
		{B9B44A2E-CC1B-42A6-BA25-EFF6B4C37CBD}.Debug|x64.ActiveCfg = Debug|Any CPU
		{B9B44A2E-CC1B-42A6-BA25-EFF6B4C37CBD}.Debug|x64.Build.0 = Debug|Any CPU
		{B9B44A2E-CC1B-42A6-BA25-EFF6B4C37CBD}.Debug|x86.ActiveCfg = Debug|Any CPU
		{B9B44A2E-CC1B-42A6-BA25-EFF6B4C37CBD}.Debug|x86.Build.0 = Debug|Any CPU
		{B9B44A2E-CC1B-42A6-BA25-EFF6B4C37CBD}.Release|Any CPU.ActiveCfg = Release|Any CPU
		{B9B44A2E-CC1B-42A6-BA25-EFF6B4C37CBD}.Release|Any CPU.Build.0 = Release|Any CPU
		{B9B44A2E-CC1B-42A6-BA25-EFF6B4C37CBD}.Release|x64.ActiveCfg = Release|Any CPU
		{B9B44A2E-CC1B-42A6-BA25-EFF6B4C37CBD}.Release|x64.Build.0 = Release|Any CPU
		{B9B44A2E-CC1B-42A6-BA25-EFF6B4C37CBD}.Release|x86.ActiveCfg = Release|Any CPU
		{B9B44A2E-CC1B-42A6-BA25-EFF6B4C37CBD}.Release|x86.Build.0 = Release|Any CPU
		{04C2CE4C-A6EB-438A-9024-B38DB9EBF593}.Debug|Any CPU.ActiveCfg = Debug|Any CPU
		{04C2CE4C-A6EB-438A-9024-B38DB9EBF593}.Debug|Any CPU.Build.0 = Debug|Any CPU
		{04C2CE4C-A6EB-438A-9024-B38DB9EBF593}.Debug|x64.ActiveCfg = Debug|Any CPU
		{04C2CE4C-A6EB-438A-9024-B38DB9EBF593}.Debug|x64.Build.0 = Debug|Any CPU
		{04C2CE4C-A6EB-438A-9024-B38DB9EBF593}.Debug|x86.ActiveCfg = Debug|Any CPU
		{04C2CE4C-A6EB-438A-9024-B38DB9EBF593}.Debug|x86.Build.0 = Debug|Any CPU
		{04C2CE4C-A6EB-438A-9024-B38DB9EBF593}.Release|Any CPU.ActiveCfg = Release|Any CPU
		{04C2CE4C-A6EB-438A-9024-B38DB9EBF593}.Release|Any CPU.Build.0 = Release|Any CPU
		{04C2CE4C-A6EB-438A-9024-B38DB9EBF593}.Release|x64.ActiveCfg = Release|Any CPU
		{04C2CE4C-A6EB-438A-9024-B38DB9EBF593}.Release|x64.Build.0 = Release|Any CPU
		{04C2CE4C-A6EB-438A-9024-B38DB9EBF593}.Release|x86.ActiveCfg = Release|Any CPU
		{04C2CE4C-A6EB-438A-9024-B38DB9EBF593}.Release|x86.Build.0 = Release|Any CPU
		{6C33D714-7F5F-4BA6-BDF8-CA8A778F8EB4}.Debug|Any CPU.ActiveCfg = Debug|Any CPU
		{6C33D714-7F5F-4BA6-BDF8-CA8A778F8EB4}.Debug|Any CPU.Build.0 = Debug|Any CPU
		{6C33D714-7F5F-4BA6-BDF8-CA8A778F8EB4}.Debug|x64.ActiveCfg = Debug|Any CPU
		{6C33D714-7F5F-4BA6-BDF8-CA8A778F8EB4}.Debug|x64.Build.0 = Debug|Any CPU
		{6C33D714-7F5F-4BA6-BDF8-CA8A778F8EB4}.Debug|x86.ActiveCfg = Debug|Any CPU
		{6C33D714-7F5F-4BA6-BDF8-CA8A778F8EB4}.Debug|x86.Build.0 = Debug|Any CPU
		{6C33D714-7F5F-4BA6-BDF8-CA8A778F8EB4}.Release|Any CPU.ActiveCfg = Release|Any CPU
		{6C33D714-7F5F-4BA6-BDF8-CA8A778F8EB4}.Release|Any CPU.Build.0 = Release|Any CPU
		{6C33D714-7F5F-4BA6-BDF8-CA8A778F8EB4}.Release|x64.ActiveCfg = Release|Any CPU
		{6C33D714-7F5F-4BA6-BDF8-CA8A778F8EB4}.Release|x64.Build.0 = Release|Any CPU
		{6C33D714-7F5F-4BA6-BDF8-CA8A778F8EB4}.Release|x86.ActiveCfg = Release|Any CPU
		{6C33D714-7F5F-4BA6-BDF8-CA8A778F8EB4}.Release|x86.Build.0 = Release|Any CPU
		{42D10C7C-5FD7-4697-A5A7-E2F879A920CD}.Debug|Any CPU.ActiveCfg = Debug|Any CPU
		{42D10C7C-5FD7-4697-A5A7-E2F879A920CD}.Debug|Any CPU.Build.0 = Debug|Any CPU
		{42D10C7C-5FD7-4697-A5A7-E2F879A920CD}.Debug|x64.ActiveCfg = Debug|Any CPU
		{42D10C7C-5FD7-4697-A5A7-E2F879A920CD}.Debug|x64.Build.0 = Debug|Any CPU
		{42D10C7C-5FD7-4697-A5A7-E2F879A920CD}.Debug|x86.ActiveCfg = Debug|Any CPU
		{42D10C7C-5FD7-4697-A5A7-E2F879A920CD}.Debug|x86.Build.0 = Debug|Any CPU
		{42D10C7C-5FD7-4697-A5A7-E2F879A920CD}.Release|Any CPU.ActiveCfg = Release|Any CPU
		{42D10C7C-5FD7-4697-A5A7-E2F879A920CD}.Release|Any CPU.Build.0 = Release|Any CPU
		{42D10C7C-5FD7-4697-A5A7-E2F879A920CD}.Release|x64.ActiveCfg = Release|Any CPU
		{42D10C7C-5FD7-4697-A5A7-E2F879A920CD}.Release|x64.Build.0 = Release|Any CPU
		{42D10C7C-5FD7-4697-A5A7-E2F879A920CD}.Release|x86.ActiveCfg = Release|Any CPU
		{42D10C7C-5FD7-4697-A5A7-E2F879A920CD}.Release|x86.Build.0 = Release|Any CPU
		{85B310CB-7CEF-4465-A5C6-107644C3F51D}.Debug|Any CPU.ActiveCfg = Debug|Any CPU
		{85B310CB-7CEF-4465-A5C6-107644C3F51D}.Debug|Any CPU.Build.0 = Debug|Any CPU
		{85B310CB-7CEF-4465-A5C6-107644C3F51D}.Debug|x64.ActiveCfg = Debug|Any CPU
		{85B310CB-7CEF-4465-A5C6-107644C3F51D}.Debug|x64.Build.0 = Debug|Any CPU
		{85B310CB-7CEF-4465-A5C6-107644C3F51D}.Debug|x86.ActiveCfg = Debug|Any CPU
		{85B310CB-7CEF-4465-A5C6-107644C3F51D}.Debug|x86.Build.0 = Debug|Any CPU
		{85B310CB-7CEF-4465-A5C6-107644C3F51D}.Release|Any CPU.ActiveCfg = Release|Any CPU
		{85B310CB-7CEF-4465-A5C6-107644C3F51D}.Release|Any CPU.Build.0 = Release|Any CPU
		{85B310CB-7CEF-4465-A5C6-107644C3F51D}.Release|x64.ActiveCfg = Release|Any CPU
		{85B310CB-7CEF-4465-A5C6-107644C3F51D}.Release|x64.Build.0 = Release|Any CPU
		{85B310CB-7CEF-4465-A5C6-107644C3F51D}.Release|x86.ActiveCfg = Release|Any CPU
		{85B310CB-7CEF-4465-A5C6-107644C3F51D}.Release|x86.Build.0 = Release|Any CPU
		{A8AA69BA-5287-4133-8EE7-B4C1847E1ED6}.Debug|Any CPU.ActiveCfg = Debug|Any CPU
		{A8AA69BA-5287-4133-8EE7-B4C1847E1ED6}.Debug|Any CPU.Build.0 = Debug|Any CPU
		{A8AA69BA-5287-4133-8EE7-B4C1847E1ED6}.Debug|x64.ActiveCfg = Debug|Any CPU
		{A8AA69BA-5287-4133-8EE7-B4C1847E1ED6}.Debug|x64.Build.0 = Debug|Any CPU
		{A8AA69BA-5287-4133-8EE7-B4C1847E1ED6}.Debug|x86.ActiveCfg = Debug|Any CPU
		{A8AA69BA-5287-4133-8EE7-B4C1847E1ED6}.Debug|x86.Build.0 = Debug|Any CPU
		{A8AA69BA-5287-4133-8EE7-B4C1847E1ED6}.Release|Any CPU.ActiveCfg = Release|Any CPU
		{A8AA69BA-5287-4133-8EE7-B4C1847E1ED6}.Release|Any CPU.Build.0 = Release|Any CPU
		{A8AA69BA-5287-4133-8EE7-B4C1847E1ED6}.Release|x64.ActiveCfg = Release|Any CPU
		{A8AA69BA-5287-4133-8EE7-B4C1847E1ED6}.Release|x64.Build.0 = Release|Any CPU
		{A8AA69BA-5287-4133-8EE7-B4C1847E1ED6}.Release|x86.ActiveCfg = Release|Any CPU
		{A8AA69BA-5287-4133-8EE7-B4C1847E1ED6}.Release|x86.Build.0 = Release|Any CPU
		{E1AC4E54-C9C7-48DC-A02E-58D5D9B71E76}.Debug|Any CPU.ActiveCfg = Debug|Any CPU
		{E1AC4E54-C9C7-48DC-A02E-58D5D9B71E76}.Debug|Any CPU.Build.0 = Debug|Any CPU
		{E1AC4E54-C9C7-48DC-A02E-58D5D9B71E76}.Debug|x64.ActiveCfg = Debug|Any CPU
		{E1AC4E54-C9C7-48DC-A02E-58D5D9B71E76}.Debug|x64.Build.0 = Debug|Any CPU
		{E1AC4E54-C9C7-48DC-A02E-58D5D9B71E76}.Debug|x86.ActiveCfg = Debug|Any CPU
		{E1AC4E54-C9C7-48DC-A02E-58D5D9B71E76}.Debug|x86.Build.0 = Debug|Any CPU
		{E1AC4E54-C9C7-48DC-A02E-58D5D9B71E76}.Release|Any CPU.ActiveCfg = Release|Any CPU
		{E1AC4E54-C9C7-48DC-A02E-58D5D9B71E76}.Release|Any CPU.Build.0 = Release|Any CPU
		{E1AC4E54-C9C7-48DC-A02E-58D5D9B71E76}.Release|x64.ActiveCfg = Release|Any CPU
		{E1AC4E54-C9C7-48DC-A02E-58D5D9B71E76}.Release|x64.Build.0 = Release|Any CPU
		{E1AC4E54-C9C7-48DC-A02E-58D5D9B71E76}.Release|x86.ActiveCfg = Release|Any CPU
		{E1AC4E54-C9C7-48DC-A02E-58D5D9B71E76}.Release|x86.Build.0 = Release|Any CPU
		{661F446E-8DBC-40A0-94E8-FACA471E926E}.Debug|Any CPU.ActiveCfg = Debug|Any CPU
		{661F446E-8DBC-40A0-94E8-FACA471E926E}.Debug|Any CPU.Build.0 = Debug|Any CPU
		{661F446E-8DBC-40A0-94E8-FACA471E926E}.Debug|x64.ActiveCfg = Debug|Any CPU
		{661F446E-8DBC-40A0-94E8-FACA471E926E}.Debug|x64.Build.0 = Debug|Any CPU
		{661F446E-8DBC-40A0-94E8-FACA471E926E}.Debug|x86.ActiveCfg = Debug|Any CPU
		{661F446E-8DBC-40A0-94E8-FACA471E926E}.Debug|x86.Build.0 = Debug|Any CPU
		{661F446E-8DBC-40A0-94E8-FACA471E926E}.Release|Any CPU.ActiveCfg = Release|Any CPU
		{661F446E-8DBC-40A0-94E8-FACA471E926E}.Release|Any CPU.Build.0 = Release|Any CPU
		{661F446E-8DBC-40A0-94E8-FACA471E926E}.Release|x64.ActiveCfg = Release|Any CPU
		{661F446E-8DBC-40A0-94E8-FACA471E926E}.Release|x64.Build.0 = Release|Any CPU
		{661F446E-8DBC-40A0-94E8-FACA471E926E}.Release|x86.ActiveCfg = Release|Any CPU
		{661F446E-8DBC-40A0-94E8-FACA471E926E}.Release|x86.Build.0 = Release|Any CPU
		{66FF9A9F-B4CF-4200-9C93-021F0507EEF6}.Debug|Any CPU.ActiveCfg = Debug|Any CPU
		{66FF9A9F-B4CF-4200-9C93-021F0507EEF6}.Debug|Any CPU.Build.0 = Debug|Any CPU
		{66FF9A9F-B4CF-4200-9C93-021F0507EEF6}.Debug|x64.ActiveCfg = Debug|Any CPU
		{66FF9A9F-B4CF-4200-9C93-021F0507EEF6}.Debug|x64.Build.0 = Debug|Any CPU
		{66FF9A9F-B4CF-4200-9C93-021F0507EEF6}.Debug|x86.ActiveCfg = Debug|Any CPU
		{66FF9A9F-B4CF-4200-9C93-021F0507EEF6}.Debug|x86.Build.0 = Debug|Any CPU
		{66FF9A9F-B4CF-4200-9C93-021F0507EEF6}.Release|Any CPU.ActiveCfg = Release|Any CPU
		{66FF9A9F-B4CF-4200-9C93-021F0507EEF6}.Release|Any CPU.Build.0 = Release|Any CPU
		{66FF9A9F-B4CF-4200-9C93-021F0507EEF6}.Release|x64.ActiveCfg = Release|Any CPU
		{66FF9A9F-B4CF-4200-9C93-021F0507EEF6}.Release|x64.Build.0 = Release|Any CPU
		{66FF9A9F-B4CF-4200-9C93-021F0507EEF6}.Release|x86.ActiveCfg = Release|Any CPU
		{66FF9A9F-B4CF-4200-9C93-021F0507EEF6}.Release|x86.Build.0 = Release|Any CPU
		{DDC784FA-EAD1-4DBA-85F9-BB2E5BF102B7}.Debug|Any CPU.ActiveCfg = Debug|Any CPU
		{DDC784FA-EAD1-4DBA-85F9-BB2E5BF102B7}.Debug|Any CPU.Build.0 = Debug|Any CPU
		{DDC784FA-EAD1-4DBA-85F9-BB2E5BF102B7}.Debug|x64.ActiveCfg = Debug|Any CPU
		{DDC784FA-EAD1-4DBA-85F9-BB2E5BF102B7}.Debug|x64.Build.0 = Debug|Any CPU
		{DDC784FA-EAD1-4DBA-85F9-BB2E5BF102B7}.Debug|x86.ActiveCfg = Debug|Any CPU
		{DDC784FA-EAD1-4DBA-85F9-BB2E5BF102B7}.Debug|x86.Build.0 = Debug|Any CPU
		{DDC784FA-EAD1-4DBA-85F9-BB2E5BF102B7}.Release|Any CPU.ActiveCfg = Release|Any CPU
		{DDC784FA-EAD1-4DBA-85F9-BB2E5BF102B7}.Release|Any CPU.Build.0 = Release|Any CPU
		{DDC784FA-EAD1-4DBA-85F9-BB2E5BF102B7}.Release|x64.ActiveCfg = Release|Any CPU
		{DDC784FA-EAD1-4DBA-85F9-BB2E5BF102B7}.Release|x64.Build.0 = Release|Any CPU
		{DDC784FA-EAD1-4DBA-85F9-BB2E5BF102B7}.Release|x86.ActiveCfg = Release|Any CPU
		{DDC784FA-EAD1-4DBA-85F9-BB2E5BF102B7}.Release|x86.Build.0 = Release|Any CPU
		{BAEE5498-65FC-477D-AE92-32F7259AF620}.Debug|Any CPU.ActiveCfg = Debug|Any CPU
		{BAEE5498-65FC-477D-AE92-32F7259AF620}.Debug|Any CPU.Build.0 = Debug|Any CPU
		{BAEE5498-65FC-477D-AE92-32F7259AF620}.Debug|x64.ActiveCfg = Debug|Any CPU
		{BAEE5498-65FC-477D-AE92-32F7259AF620}.Debug|x64.Build.0 = Debug|Any CPU
		{BAEE5498-65FC-477D-AE92-32F7259AF620}.Debug|x86.ActiveCfg = Debug|Any CPU
		{BAEE5498-65FC-477D-AE92-32F7259AF620}.Debug|x86.Build.0 = Debug|Any CPU
		{BAEE5498-65FC-477D-AE92-32F7259AF620}.Release|Any CPU.ActiveCfg = Release|Any CPU
		{BAEE5498-65FC-477D-AE92-32F7259AF620}.Release|Any CPU.Build.0 = Release|Any CPU
		{BAEE5498-65FC-477D-AE92-32F7259AF620}.Release|x64.ActiveCfg = Release|Any CPU
		{BAEE5498-65FC-477D-AE92-32F7259AF620}.Release|x64.Build.0 = Release|Any CPU
		{BAEE5498-65FC-477D-AE92-32F7259AF620}.Release|x86.ActiveCfg = Release|Any CPU
		{BAEE5498-65FC-477D-AE92-32F7259AF620}.Release|x86.Build.0 = Release|Any CPU
		{D7266ACF-929E-40E7-9B27-051DFBCE2762}.Debug|Any CPU.ActiveCfg = Debug|Any CPU
		{D7266ACF-929E-40E7-9B27-051DFBCE2762}.Debug|Any CPU.Build.0 = Debug|Any CPU
		{D7266ACF-929E-40E7-9B27-051DFBCE2762}.Debug|x64.ActiveCfg = Debug|Any CPU
		{D7266ACF-929E-40E7-9B27-051DFBCE2762}.Debug|x64.Build.0 = Debug|Any CPU
		{D7266ACF-929E-40E7-9B27-051DFBCE2762}.Debug|x86.ActiveCfg = Debug|Any CPU
		{D7266ACF-929E-40E7-9B27-051DFBCE2762}.Debug|x86.Build.0 = Debug|Any CPU
		{D7266ACF-929E-40E7-9B27-051DFBCE2762}.Release|Any CPU.ActiveCfg = Release|Any CPU
		{D7266ACF-929E-40E7-9B27-051DFBCE2762}.Release|Any CPU.Build.0 = Release|Any CPU
		{D7266ACF-929E-40E7-9B27-051DFBCE2762}.Release|x64.ActiveCfg = Release|Any CPU
		{D7266ACF-929E-40E7-9B27-051DFBCE2762}.Release|x64.Build.0 = Release|Any CPU
		{D7266ACF-929E-40E7-9B27-051DFBCE2762}.Release|x86.ActiveCfg = Release|Any CPU
		{D7266ACF-929E-40E7-9B27-051DFBCE2762}.Release|x86.Build.0 = Release|Any CPU
		{1A77DDF5-F80F-4851-A494-A2D1B1F8027B}.Debug|Any CPU.ActiveCfg = Debug|Any CPU
		{1A77DDF5-F80F-4851-A494-A2D1B1F8027B}.Debug|Any CPU.Build.0 = Debug|Any CPU
		{1A77DDF5-F80F-4851-A494-A2D1B1F8027B}.Debug|x64.ActiveCfg = Debug|Any CPU
		{1A77DDF5-F80F-4851-A494-A2D1B1F8027B}.Debug|x64.Build.0 = Debug|Any CPU
		{1A77DDF5-F80F-4851-A494-A2D1B1F8027B}.Debug|x86.ActiveCfg = Debug|Any CPU
		{1A77DDF5-F80F-4851-A494-A2D1B1F8027B}.Debug|x86.Build.0 = Debug|Any CPU
		{1A77DDF5-F80F-4851-A494-A2D1B1F8027B}.Release|Any CPU.ActiveCfg = Release|Any CPU
		{1A77DDF5-F80F-4851-A494-A2D1B1F8027B}.Release|Any CPU.Build.0 = Release|Any CPU
		{1A77DDF5-F80F-4851-A494-A2D1B1F8027B}.Release|x64.ActiveCfg = Release|Any CPU
		{1A77DDF5-F80F-4851-A494-A2D1B1F8027B}.Release|x64.Build.0 = Release|Any CPU
		{1A77DDF5-F80F-4851-A494-A2D1B1F8027B}.Release|x86.ActiveCfg = Release|Any CPU
		{1A77DDF5-F80F-4851-A494-A2D1B1F8027B}.Release|x86.Build.0 = Release|Any CPU
	EndGlobalSection
	GlobalSection(SolutionProperties) = preSolution
		HideSolutionNode = FALSE
	EndGlobalSection
	GlobalSection(NestedProjects) = preSolution
		{DC1863D4-2E8B-4DF4-9D2E-77CD636958A8} = {827E0CD3-B72D-47B6-A68D-7590B98EB39B}
		{BE1E85EE-0060-4C59-A0C2-C73537D655EB} = {827E0CD3-B72D-47B6-A68D-7590B98EB39B}
		{458C3B53-F057-465F-888A-3112237A6970} = {827E0CD3-B72D-47B6-A68D-7590B98EB39B}
		{A116338C-9C3A-4FF2-AA33-89EC69A3E4E5} = {827E0CD3-B72D-47B6-A68D-7590B98EB39B}
		{DD141E42-52BE-48C8-B8A7-36E835E9334E} = {827E0CD3-B72D-47B6-A68D-7590B98EB39B}
		{B9B44A2E-CC1B-42A6-BA25-EFF6B4C37CBD} = {827E0CD3-B72D-47B6-A68D-7590B98EB39B}
		{04C2CE4C-A6EB-438A-9024-B38DB9EBF593} = {5D20AA90-6969-D8BD-9DCD-8634F4692FDA}
		{6C33D714-7F5F-4BA6-BDF8-CA8A778F8EB4} = {0AB3BF05-4346-4AA6-1389-037BE0695223}
		{42D10C7C-5FD7-4697-A5A7-E2F879A920CD} = {0AB3BF05-4346-4AA6-1389-037BE0695223}
		{85B310CB-7CEF-4465-A5C6-107644C3F51D} = {0AB3BF05-4346-4AA6-1389-037BE0695223}
		{A8AA69BA-5287-4133-8EE7-B4C1847E1ED6} = {0AB3BF05-4346-4AA6-1389-037BE0695223}
		{E1AC4E54-C9C7-48DC-A02E-58D5D9B71E76} = {0AB3BF05-4346-4AA6-1389-037BE0695223}
		{661F446E-8DBC-40A0-94E8-FACA471E926E} = {5D20AA90-6969-D8BD-9DCD-8634F4692FDA}
		{66FF9A9F-B4CF-4200-9C93-021F0507EEF6} = {827E0CD3-B72D-47B6-A68D-7590B98EB39B}
		{DDC784FA-EAD1-4DBA-85F9-BB2E5BF102B7} = {827E0CD3-B72D-47B6-A68D-7590B98EB39B}
		{BAEE5498-65FC-477D-AE92-32F7259AF620} = {827E0CD3-B72D-47B6-A68D-7590B98EB39B}
		{D7266ACF-929E-40E7-9B27-051DFBCE2762} = {5D20AA90-6969-D8BD-9DCD-8634F4692FDA}
		{1A77DDF5-F80F-4851-A494-A2D1B1F8027B} = {5D20AA90-6969-D8BD-9DCD-8634F4692FDA}
	EndGlobalSection
EndGlobal
